# Run ./gradlew --write-locks to regenerate this file
com.github.ben-manes.caffeine:caffeine:3.0.5 (1 constraints: e312a21b)
com.github.kevinstern:software-and-algorithms:1.0 (1 constraints: 7e12fcf5)
com.google.auto:auto-common:1.2.1 (3 constraints: 73322261)
com.google.auto.service:auto-service:1.1.1 (1 constraints: 0505f435)
com.google.auto.service:auto-service-annotations:1.1.1 (3 constraints: 2b33dea0)
com.google.auto.value:auto-value-annotations:1.9 (3 constraints: 802d5ac8)
com.google.code.findbugs:jsr305:3.0.2 (4 constraints: 414296e0)
com.google.errorprone:error_prone_annotation:2.18.0 (4 constraints: 023e825c)
com.google.errorprone:error_prone_annotations:2.18.0 (6 constraints: a25d3435)
com.google.errorprone:error_prone_check_api:2.18.0 (3 constraints: ed2ab758)
com.google.errorprone:error_prone_core:2.18.0 (2 constraints: 1018fe65)
com.google.errorprone:error_prone_refaster:2.18.0 (2 constraints: 401932c2)
com.google.errorprone:error_prone_type_annotations:2.18.0 (1 constraints: 28115ac9)
com.google.guava:failureaccess:1.0.1 (1 constraints: 140ae1b4)
com.google.guava:guava:32.1.1-jre (10 constraints: b6a50b43)
com.google.guava:listenablefuture:9999.0-empty-to-avoid-conflict-with-guava (1 constraints: bd17c918)
com.google.j2objc:j2objc-annotations:2.8 (1 constraints: be09f5a0)
com.google.protobuf:protobuf-java:3.19.2 (1 constraints: 2c1165c9)
io.github.java-diff-utils:java-diff-utils:4.0 (1 constraints: 811205f6)
javax.inject:javax.inject:1 (1 constraints: 32107c75)
net.bytebuddy:byte-buddy:1.12.21 (1 constraints: 7d0bbfea)
org.assertj:assertj-core:3.24.2 (2 constraints: 76194add)
org.checkerframework:checker-qual:3.33.0 (3 constraints: 0b25cb88)
org.checkerframework:dataflow-errorprone:3.27.0 (3 constraints: d03848f0)
org.eclipse.jgit:org.eclipse.jgit:4.4.1.201607150455-r (1 constraints: 4f148fee)
org.pcollections:pcollections:3.1.4 (1 constraints: f51029b8)

[Test dependencies]
com.google.auto.value:auto-value:1.7.4 (1 constraints: 1f1221fb)
com.google.errorprone:error_prone_test_helpers:2.18.0 (2 constraints: 401932c2)
com.google.googlejavaformat:google-java-format:1.13.0 (1 constraints: 8b149d75)
com.google.jimfs:jimfs:1.2 (1 constraints: fb138b38)
com.google.testing.compile:compile-testing:0.19 (1 constraints: 3214b94c)
com.google.truth:truth:1.1.3 (2 constraints: 1126a31d)
com.palantir.baseline:baseline-refaster-testing:2.43.0 (1 constraints: 3b05443b)
junit:junit:4.13.2 (7 constraints: a272d6a6)
org.apiguardian:apiguardian-api:1.1.2 (7 constraints: 9d791b5f)
org.hamcrest:hamcrest:2.2 (1 constraints: 720b95d5)
org.hamcrest:hamcrest-core:2.2 (4 constraints: 2b2b359e)
org.hamcrest:hamcrest-library:2.2 (1 constraints: fc138e38)
org.junit.jupiter:junit-jupiter:5.10.0 (1 constraints: 3805413b)
org.junit.jupiter:junit-jupiter-api:5.10.0 (4 constraints: 3145aef5)
org.junit.jupiter:junit-jupiter-engine:5.10.0 (1 constraints: 330efd49)
org.junit.jupiter:junit-jupiter-migrationsupport:5.10.0 (1 constraints: 3805413b)
org.junit.jupiter:junit-jupiter-params:5.10.0 (1 constraints: 330efd49)
org.junit.platform:junit-platform-commons:1.10.0 (2 constraints: 2b211983)
org.junit.platform:junit-platform-engine:1.10.0 (2 constraints: 79211cad)
org.junit.vintage:junit-vintage-engine:5.10.0 (1 constraints: 3805413b)
org.opentest4j:opentest4j:1.3.0 (2 constraints: cf209249)
org.ow2.asm:asm:9.1 (1 constraints: 040aa7a4)
