# Run ./gradlew --write-locks to regenerate this file
com.github.ben-manes.caffeine:caffeine:2.8.8 (1 constraints: ed12b81b)
com.github.kevinstern:software-and-algorithms:1.0 (1 constraints: 7e12fcf5)
com.google.auto:auto-common:1.2.1 (3 constraints: 14321a1e)
com.google.auto.service:auto-service:1.0.1 (1 constraints: 0405f135)
com.google.auto.service:auto-service-annotations:1.0.1 (3 constraints: dc345178)
com.google.auto.value:auto-value-annotations:1.9 (3 constraints: 802d5ac8)
com.google.code.findbugs:jsr305:3.0.2 (4 constraints: 414296e0)
com.google.errorprone:error_prone_annotation:2.11.0 (4 constraints: ed3de357)
com.google.errorprone:error_prone_annotations:2.11.0 (6 constraints: 595d9ff3)
com.google.errorprone:error_prone_check_api:2.11.0 (3 constraints: df2a0557)
com.google.errorprone:error_prone_core:2.11.0 (2 constraints: 0918e965)
com.google.errorprone:error_prone_refaster:2.11.0 (2 constraints: 401932c2)
com.google.errorprone:error_prone_type_annotations:2.11.0 (1 constraints: 211145c9)
com.google.guava:failureaccess:1.0.1 (1 constraints: 140ae1b4)
com.google.guava:guava:31.1-jre (10 constraints: 55a5468c)
com.google.guava:listenablefuture:9999.0-empty-to-avoid-conflict-with-guava (1 constraints: bd17c918)
com.google.j2objc:j2objc-annotations:1.3 (1 constraints: b809eda0)
com.google.protobuf:protobuf-java:3.19.2 (1 constraints: 2c1165c9)
io.github.java-diff-utils:java-diff-utils:4.0 (1 constraints: 811205f6)
org.assertj:assertj-core:3.22.0 (2 constraints: 72195edc)
org.checkerframework:checker-qual:3.13.0 (3 constraints: d624ae6b)
org.checkerframework:dataflow-errorprone:3.15.0 (3 constraints: c7384aee)
org.eclipse.jgit:org.eclipse.jgit:4.4.1.201607150455-r (1 constraints: 4f148fee)
org.pcollections:pcollections:3.1.4 (1 constraints: f51029b8)

[Test dependencies]
com.google.auto.value:auto-value:1.7.4 (1 constraints: 1f1221fb)
com.google.errorprone:error_prone_test_helpers:2.11.0 (2 constraints: 401932c2)
com.google.googlejavaformat:google-java-format:1.13.0 (1 constraints: 8b149d75)
com.google.jimfs:jimfs:1.2 (1 constraints: fb138b38)
com.google.testing.compile:compile-testing:0.19 (1 constraints: 3214b94c)
com.google.truth:truth:1.1.3 (2 constraints: 1126a31d)
com.palantir.baseline:baseline-refaster-testing:2.43.0 (1 constraints: 3b05443b)
junit:junit:4.13.2 (7 constraints: a172d9a5)
org.apiguardian:apiguardian-api:1.1.2 (7 constraints: 9d791b5f)
org.hamcrest:hamcrest:2.2 (1 constraints: 720b95d5)
org.hamcrest:hamcrest-core:2.2 (4 constraints: 2b2b359e)
org.hamcrest:hamcrest-library:2.2 (1 constraints: fc138e38)
org.junit.jupiter:junit-jupiter:5.8.2 (1 constraints: 11051e36)
org.junit.jupiter:junit-jupiter-api:5.8.2 (4 constraints: 95444621)
org.junit.jupiter:junit-jupiter-engine:5.8.2 (1 constraints: 0c0edf3b)
org.junit.jupiter:junit-jupiter-migrationsupport:5.8.2 (1 constraints: 11051e36)
org.junit.jupiter:junit-jupiter-params:5.8.2 (1 constraints: 0c0edf3b)
org.junit.platform:junit-platform-commons:1.8.2 (2 constraints: dd200b4b)
org.junit.platform:junit-platform-engine:1.8.2 (2 constraints: 2b21d273)
org.junit.vintage:junit-vintage-engine:5.8.2 (1 constraints: 11051e36)
org.opentest4j:opentest4j:1.2.0 (2 constraints: cd205b49)
org.ow2.asm:asm:9.1 (1 constraints: 040aa7a4)
